
Microsoft Visual Studio Solution File, Format Version 11.00
# Visual Studio 2010
Project("{8BC9CEB8-8B4A-11D0-8D11-00A0C91BC942}") = "sudoku", "sudoku\sudoku.vcxproj", "{129CF520-279A-49B8-AB8F-6585D83150B9}"
EndProject
Global
	GlobalSection(SolutionConfigurationPlatforms) = preSolution
		Debug|Win32 = Debug|Win32
		Release|Win32 = Release|Win32
	EndGlobalSection
	GlobalSection(ProjectConfigurationPlatforms) = postSolution
		{129CF520-279A-49B8-AB8F-6585D83150B9}.Debug|Win32.ActiveCfg = Debug|Win32
		{129CF520-279A-49B8-AB8F-6585D83150B9}.Debug|Win32.Build.0 = Debug|Win32
		{129CF520-279A-49B8-AB8F-6585D83150B9}.Release|Win32.ActiveCfg = Release|Win32
		{129CF520-279A-49B8-AB8F-6585D83150B9}.Release|Win32.Build.0 = Release|Win32
	EndGlobalSection
	GlobalSection(SolutionProperties) = preSolution
		HideSolutionNode = FALSE
	EndGlobalSection
EndGlobal
